
Microsoft Visual Studio Solution File, Format Version 12.00
# Visual Studio 15
VisualStudioVersion = 15.0.26430.14
MinimumVisualStudioVersion = 10.0.40219.1
Project("{FAE04EC0-301F-11D3-BF4B-00C04F79EFBC}") = "01.SortEvenNumbers", "01.SortEvenNumbers\01.SortEvenNumbers.csproj", "{EEF4DDB9-71D4-44D7-AC2E-6513DE1CA698}"
EndProject
Project("{FAE04EC0-301F-11D3-BF4B-00C04F79EFBC}") = "02.SumNumbers", "02.SumNumbers\02.SumNumbers.csproj", "{4205EB80-62D3-4332-A4B9-6B7BA6AAE476}"
EndProject
Project("{FAE04EC0-301F-11D3-BF4B-00C04F79EFBC}") = "03.CountUppercaseWords", "03.CountUppercaseWords\03.CountUppercaseWords.csproj", "{EC9CB81F-20A4-48F4-B0A8-7605C153751C}"
EndProject
Project("{FAE04EC0-301F-11D3-BF4B-00C04F79EFBC}") = "04.AddVAT", "04.AddVAT\04.AddVAT.csproj", "{F41D851D-7FFD-43FE-9F27-786936CBA342}"
EndProject
Project("{FAE04EC0-301F-11D3-BF4B-00C04F79EFBC}") = "05.FilterByAge", "05.FilterByAge\05.FilterByAge.csproj", "{5CCDC026-937A-414A-9C11-2E1250897D94}"
EndProject
Global
	GlobalSection(SolutionConfigurationPlatforms) = preSolution
		Debug|Any CPU = Debug|Any CPU
		Release|Any CPU = Release|Any CPU
	EndGlobalSection
	GlobalSection(ProjectConfigurationPlatforms) = postSolution
		{EEF4DDB9-71D4-44D7-AC2E-6513DE1CA698}.Debug|Any CPU.ActiveCfg = Debug|Any CPU
		{EEF4DDB9-71D4-44D7-AC2E-6513DE1CA698}.Debug|Any CPU.Build.0 = Debug|Any CPU
		{EEF4DDB9-71D4-44D7-AC2E-6513DE1CA698}.Release|Any CPU.ActiveCfg = Release|Any CPU
		{EEF4DDB9-71D4-44D7-AC2E-6513DE1CA698}.Release|Any CPU.Build.0 = Release|Any CPU
		{4205EB80-62D3-4332-A4B9-6B7BA6AAE476}.Debug|Any CPU.ActiveCfg = Debug|Any CPU
		{4205EB80-62D3-4332-A4B9-6B7BA6AAE476}.Debug|Any CPU.Build.0 = Debug|Any CPU
		{4205EB80-62D3-4332-A4B9-6B7BA6AAE476}.Release|Any CPU.ActiveCfg = Release|Any CPU
		{4205EB80-62D3-4332-A4B9-6B7BA6AAE476}.Release|Any CPU.Build.0 = Release|Any CPU
		{EC9CB81F-20A4-48F4-B0A8-7605C153751C}.Debug|Any CPU.ActiveCfg = Debug|Any CPU
		{EC9CB81F-20A4-48F4-B0A8-7605C153751C}.Debug|Any CPU.Build.0 = Debug|Any CPU
		{EC9CB81F-20A4-48F4-B0A8-7605C153751C}.Release|Any CPU.ActiveCfg = Release|Any CPU
		{EC9CB81F-20A4-48F4-B0A8-7605C153751C}.Release|Any CPU.Build.0 = Release|Any CPU
		{F41D851D-7FFD-43FE-9F27-786936CBA342}.Debug|Any CPU.ActiveCfg = Debug|Any CPU
		{F41D851D-7FFD-43FE-9F27-786936CBA342}.Debug|Any CPU.Build.0 = Debug|Any CPU
		{F41D851D-7FFD-43FE-9F27-786936CBA342}.Release|Any CPU.ActiveCfg = Release|Any CPU
		{F41D851D-7FFD-43FE-9F27-786936CBA342}.Release|Any CPU.Build.0 = Release|Any CPU
		{5CCDC026-937A-414A-9C11-2E1250897D94}.Debug|Any CPU.ActiveCfg = Debug|Any CPU
		{5CCDC026-937A-414A-9C11-2E1250897D94}.Debug|Any CPU.Build.0 = Debug|Any CPU
		{5CCDC026-937A-414A-9C11-2E1250897D94}.Release|Any CPU.ActiveCfg = Release|Any CPU
		{5CCDC026-937A-414A-9C11-2E1250897D94}.Release|Any CPU.Build.0 = Release|Any CPU
	EndGlobalSection
	GlobalSection(SolutionProperties) = preSolution
		HideSolutionNode = FALSE
	EndGlobalSection
EndGlobal
